PODS:
  - GPUImage (0.1.7)
  - Masonry (1.1.0)

DEPENDENCIES:
  - GPUImage (~> 0.1.7)
  - Masonry

SPEC REPOS:
  https://github.com/cocoapods/specs.git:
    - GPUImage
    - Masonry

SPEC CHECKSUMS:
  GPUImage: 733a5f0fab92df9de1c37ba9df520a833ccb406d
  Masonry: 678fab65091a9290e40e2832a55e7ab731aad201

PODFILE CHECKSUM: 2bf132ae656e818a028d62a3961b5ba9c195ab40

COCOAPODS: 1.5.3
